
Microsoft Visual Studio Solution File, Format Version 11.00
# Visual Studio 2010
Project("{FAE04EC0-301F-11D3-BF4B-00C04F79EFBC}") = "Tesseract_Main", "Assembly-CSharp.csproj", "{562CCBBF-4C85-7587-B729-255AE294D668}"
EndProject
Project("{FAE04EC0-301F-11D3-BF4B-00C04F79EFBC}") = "Tesseract_Main", "Assembly-CSharp-Editor.csproj", "{11432530-EF8D-A173-7D17-13152D32F9AE}"
EndProject
Global
	GlobalSection(SolutionConfigurationPlatforms) = preSolution
		Debug|Any CPU = Debug|Any CPU
		Release|Any CPU = Release|Any CPU
	EndGlobalSection
	GlobalSection(ProjectConfigurationPlatforms) = postSolution
		{562CCBBF-4C85-7587-B729-255AE294D668}.Debug|Any CPU.ActiveCfg = Debug|Any CPU
		{562CCBBF-4C85-7587-B729-255AE294D668}.Debug|Any CPU.Build.0 = Debug|Any CPU
		{562CCBBF-4C85-7587-B729-255AE294D668}.Release|Any CPU.ActiveCfg = Release|Any CPU
		{562CCBBF-4C85-7587-B729-255AE294D668}.Release|Any CPU.Build.0 = Release|Any CPU
		{11432530-EF8D-A173-7D17-13152D32F9AE}.Debug|Any CPU.ActiveCfg = Debug|Any CPU
		{11432530-EF8D-A173-7D17-13152D32F9AE}.Debug|Any CPU.Build.0 = Debug|Any CPU
		{11432530-EF8D-A173-7D17-13152D32F9AE}.Release|Any CPU.ActiveCfg = Release|Any CPU
		{11432530-EF8D-A173-7D17-13152D32F9AE}.Release|Any CPU.Build.0 = Release|Any CPU
	EndGlobalSection
	GlobalSection(SolutionProperties) = preSolution
		HideSolutionNode = FALSE
	EndGlobalSection
	GlobalSection(MonoDevelopProperties) = preSolution
		StartupItem = Assembly-CSharp.csproj
	EndGlobalSection
EndGlobal
